{
  "nodes": {
    "cache": {
      "inputs": {
        "environment-variable": "environment-variable",
        "flake-utils": "flake-utils_2",
        "nixpkgs": "nixpkgs_2",
        "shell-script": "shell-script",
        "visitor": "visitor_2"
      },
      "locked": {
        "lastModified": 1746283191,
        "narHash": "sha256-r7fOSvZtuAZbv9RNCrxG/WsQEGn0sOWgyWGUbcMEVO0=",
        "owner": "viktordanek",
        "repo": "cache",
        "rev": "f18dbd5a8afd6be75d501cff10db5a9b75f1ab22",
        "type": "github"
      },
      "original": {
        "owner": "viktordanek",
        "ref": "issue/6-new-implementation",
        "repo": "cache",
        "type": "github"
      }
    },
    "environment-variable": {
      "inputs": {
        "flake-utils": "flake-utils",
        "nixpkgs": "nixpkgs"
      },
      "locked": {
        "lastModified": 1729274595,
        "narHash": "sha256-l5C4bnsUQDxIGttIjihHgh0/a4G3ZTvW+U/qPDGHweI=",
        "owner": "viktordanek",
        "repo": "environment-variable",
        "rev": "db8d5948f78ffb7fc976b5f2d2981f38302dc5a7",
        "type": "github"
      },
      "original": {
        "owner": "viktordanek",
        "repo": "environment-variable",
        "type": "github"
      }
    },
    "environment-variable_2": {
      "inputs": {
        "flake-utils": "flake-utils_3",
        "nixpkgs": "nixpkgs_3"
      },
      "locked": {
        "lastModified": 1729274595,
        "narHash": "sha256-l5C4bnsUQDxIGttIjihHgh0/a4G3ZTvW+U/qPDGHweI=",
        "owner": "viktordanek",
        "repo": "environment-variable",
        "rev": "db8d5948f78ffb7fc976b5f2d2981f38302dc5a7",
        "type": "github"
      },
      "original": {
        "owner": "viktordanek",
        "repo": "environment-variable",
        "type": "github"
      }
    },
    "environment-variable_3": {
      "inputs": {
        "flake-utils": "flake-utils_7",
        "nixpkgs": "nixpkgs_7"
      },
      "locked": {
        "lastModified": 1729274595,
        "narHash": "sha256-l5C4bnsUQDxIGttIjihHgh0/a4G3ZTvW+U/qPDGHweI=",
        "owner": "viktordanek",
        "repo": "environment-variable",
        "rev": "db8d5948f78ffb7fc976b5f2d2981f38302dc5a7",
        "type": "github"
      },
      "original": {
        "owner": "viktordanek",
        "repo": "environment-variable",
        "type": "github"
      }
    },
    "environment-variable_4": {
      "inputs": {
        "flake-utils": "flake-utils_9",
        "nixpkgs": "nixpkgs_9"
      },
      "locked": {
        "lastModified": 1729274595,
        "narHash": "sha256-l5C4bnsUQDxIGttIjihHgh0/a4G3ZTvW+U/qPDGHweI=",
        "owner": "viktordanek",
        "repo": "environment-variable",
        "rev": "db8d5948f78ffb7fc976b5f2d2981f38302dc5a7",
        "type": "github"
      },
      "original": {
        "owner": "viktordanek",
        "repo": "environment-variable",
        "type": "github"
      }
    },
    "environment-variable_5": {
      "inputs": {
        "flake-utils": "flake-utils_12",
        "nixpkgs": "nixpkgs_12"
      },
      "locked": {
        "lastModified": 1729274595,
        "narHash": "sha256-l5C4bnsUQDxIGttIjihHgh0/a4G3ZTvW+U/qPDGHweI=",
        "owner": "viktordanek",
        "repo": "environment-variable",
        "rev": "db8d5948f78ffb7fc976b5f2d2981f38302dc5a7",
        "type": "github"
      },
      "original": {
        "owner": "viktordanek",
        "repo": "environment-variable",
        "type": "github"
      }
    },
    "environment-variable_6": {
      "inputs": {
        "flake-utils": "flake-utils_14",
        "nixpkgs": "nixpkgs_14"
      },
      "locked": {
        "lastModified": 1729274595,
        "narHash": "sha256-l5C4bnsUQDxIGttIjihHgh0/a4G3ZTvW+U/qPDGHweI=",
        "owner": "viktordanek",
        "repo": "environment-variable",
        "rev": "db8d5948f78ffb7fc976b5f2d2981f38302dc5a7",
        "type": "github"
      },
      "original": {
        "owner": "viktordanek",
        "repo": "environment-variable",
        "type": "github"
      }
    },
    "flake-utils": {
      "inputs": {
        "systems": "systems"
      },
      "locked": {
        "lastModified": 1726560853,
        "narHash": "sha256-X6rJYSESBVr3hBoH0WbKE5KvhPU5bloyZ2L4K60/fPQ=",
        "owner": "numtide",
        "repo": "flake-utils",
        "rev": "c1dfcf08411b08f6b8615f7d8971a2bfa81d5e8a",
        "type": "github"
      },
      "original": {
        "owner": "numtide",
        "repo": "flake-utils",
        "type": "github"
      }
    },
    "flake-utils_10": {
      "inputs": {
        "systems": "systems_10"
      },
      "locked": {
        "lastModified": 1731533236,
        "narHash": "sha256-l0KFg5HjrsfsO/JpG+r7fRrqm12kzFHyUHqHCVpMMbI=",
        "owner": "numtide",
        "repo": "flake-utils",
        "rev": "11707dc2f618dd54ca8739b309ec4fc024de578b",
        "type": "github"
      },
      "original": {
        "owner": "numtide",
        "repo": "flake-utils",
        "type": "github"
      }
    },
    "flake-utils_11": {
      "inputs": {
        "systems": "systems_11"
      },
      "locked": {
        "lastModified": 1731533236,
        "narHash": "sha256-l0KFg5HjrsfsO/JpG+r7fRrqm12kzFHyUHqHCVpMMbI=",
        "owner": "numtide",
        "repo": "flake-utils",
        "rev": "11707dc2f618dd54ca8739b309ec4fc024de578b",
        "type": "github"
      },
      "original": {
        "owner": "numtide",
        "repo": "flake-utils",
        "type": "github"
      }
    },
    "flake-utils_12": {
      "inputs": {
        "systems": "systems_12"
      },
      "locked": {
        "lastModified": 1726560853,
        "narHash": "sha256-X6rJYSESBVr3hBoH0WbKE5KvhPU5bloyZ2L4K60/fPQ=",
        "owner": "numtide",
        "repo": "flake-utils",
        "rev": "c1dfcf08411b08f6b8615f7d8971a2bfa81d5e8a",
        "type": "github"
      },
      "original": {
        "owner": "numtide",
        "repo": "flake-utils",
        "type": "github"
      }
    },
    "flake-utils_13": {
      "inputs": {
        "systems": "systems_13"
      },
      "locked": {
        "lastModified": 1731533236,
        "narHash": "sha256-l0KFg5HjrsfsO/JpG+r7fRrqm12kzFHyUHqHCVpMMbI=",
        "owner": "numtide",
        "repo": "flake-utils",
        "rev": "11707dc2f618dd54ca8739b309ec4fc024de578b",
        "type": "github"
      },
      "original": {
        "owner": "numtide",
        "repo": "flake-utils",
        "type": "github"
      }
    },
    "flake-utils_14": {
      "inputs": {
        "systems": "systems_14"
      },
      "locked": {
        "lastModified": 1726560853,
        "narHash": "sha256-X6rJYSESBVr3hBoH0WbKE5KvhPU5bloyZ2L4K60/fPQ=",
        "owner": "numtide",
        "repo": "flake-utils",
        "rev": "c1dfcf08411b08f6b8615f7d8971a2bfa81d5e8a",
        "type": "github"
      },
      "original": {
        "owner": "numtide",
        "repo": "flake-utils",
        "type": "github"
      }
    },
    "flake-utils_15": {
      "inputs": {
        "systems": "systems_15"
      },
      "locked": {
        "lastModified": 1731533236,
        "narHash": "sha256-l0KFg5HjrsfsO/JpG+r7fRrqm12kzFHyUHqHCVpMMbI=",
        "owner": "numtide",
        "repo": "flake-utils",
        "rev": "11707dc2f618dd54ca8739b309ec4fc024de578b",
        "type": "github"
      },
      "original": {
        "owner": "numtide",
        "repo": "flake-utils",
        "type": "github"
      }
    },
    "flake-utils_16": {
      "inputs": {
        "systems": "systems_16"
      },
      "locked": {
        "lastModified": 1731533236,
        "narHash": "sha256-l0KFg5HjrsfsO/JpG+r7fRrqm12kzFHyUHqHCVpMMbI=",
        "owner": "numtide",
        "repo": "flake-utils",
        "rev": "11707dc2f618dd54ca8739b309ec4fc024de578b",
        "type": "github"
      },
      "original": {
        "owner": "numtide",
        "repo": "flake-utils",
        "type": "github"
      }
    },
    "flake-utils_17": {
      "inputs": {
        "systems": "systems_17"
      },
      "locked": {
        "lastModified": 1731533236,
        "narHash": "sha256-l0KFg5HjrsfsO/JpG+r7fRrqm12kzFHyUHqHCVpMMbI=",
        "owner": "numtide",
        "repo": "flake-utils",
        "rev": "11707dc2f618dd54ca8739b309ec4fc024de578b",
        "type": "github"
      },
      "original": {
        "owner": "numtide",
        "repo": "flake-utils",
        "type": "github"
      }
    },
    "flake-utils_18": {
      "inputs": {
        "systems": "systems_18"
      },
      "locked": {
        "lastModified": 1731533236,
        "narHash": "sha256-l0KFg5HjrsfsO/JpG+r7fRrqm12kzFHyUHqHCVpMMbI=",
        "owner": "numtide",
        "repo": "flake-utils",
        "rev": "11707dc2f618dd54ca8739b309ec4fc024de578b",
        "type": "github"
      },
      "original": {
        "owner": "numtide",
        "repo": "flake-utils",
        "type": "github"
      }
    },
    "flake-utils_2": {
      "inputs": {
        "systems": "systems_2"
      },
      "locked": {
        "lastModified": 1731533236,
        "narHash": "sha256-l0KFg5HjrsfsO/JpG+r7fRrqm12kzFHyUHqHCVpMMbI=",
        "owner": "numtide",
        "repo": "flake-utils",
        "rev": "11707dc2f618dd54ca8739b309ec4fc024de578b",
        "type": "github"
      },
      "original": {
        "owner": "numtide",
        "repo": "flake-utils",
        "type": "github"
      }
    },
    "flake-utils_3": {
      "inputs": {
        "systems": "systems_3"
      },
      "locked": {
        "lastModified": 1726560853,
        "narHash": "sha256-X6rJYSESBVr3hBoH0WbKE5KvhPU5bloyZ2L4K60/fPQ=",
        "owner": "numtide",
        "repo": "flake-utils",
        "rev": "c1dfcf08411b08f6b8615f7d8971a2bfa81d5e8a",
        "type": "github"
      },
      "original": {
        "owner": "numtide",
        "repo": "flake-utils",
        "type": "github"
      }
    },
    "flake-utils_4": {
      "inputs": {
        "systems": "systems_4"
      },
      "locked": {
        "lastModified": 1731533236,
        "narHash": "sha256-l0KFg5HjrsfsO/JpG+r7fRrqm12kzFHyUHqHCVpMMbI=",
        "owner": "numtide",
        "repo": "flake-utils",
        "rev": "11707dc2f618dd54ca8739b309ec4fc024de578b",
        "type": "github"
      },
      "original": {
        "owner": "numtide",
        "repo": "flake-utils",
        "type": "github"
      }
    },
    "flake-utils_5": {
      "inputs": {
        "systems": "systems_5"
      },
      "locked": {
        "lastModified": 1731533236,
        "narHash": "sha256-l0KFg5HjrsfsO/JpG+r7fRrqm12kzFHyUHqHCVpMMbI=",
        "owner": "numtide",
        "repo": "flake-utils",
        "rev": "11707dc2f618dd54ca8739b309ec4fc024de578b",
        "type": "github"
      },
      "original": {
        "owner": "numtide",
        "repo": "flake-utils",
        "type": "github"
      }
    },
    "flake-utils_6": {
      "inputs": {
        "systems": "systems_6"
      },
      "locked": {
        "lastModified": 1731533236,
        "narHash": "sha256-l0KFg5HjrsfsO/JpG+r7fRrqm12kzFHyUHqHCVpMMbI=",
        "owner": "numtide",
        "repo": "flake-utils",
        "rev": "11707dc2f618dd54ca8739b309ec4fc024de578b",
        "type": "github"
      },
      "original": {
        "owner": "numtide",
        "repo": "flake-utils",
        "type": "github"
      }
    },
    "flake-utils_7": {
      "inputs": {
        "systems": "systems_7"
      },
      "locked": {
        "lastModified": 1726560853,
        "narHash": "sha256-X6rJYSESBVr3hBoH0WbKE5KvhPU5bloyZ2L4K60/fPQ=",
        "owner": "numtide",
        "repo": "flake-utils",
        "rev": "c1dfcf08411b08f6b8615f7d8971a2bfa81d5e8a",
        "type": "github"
      },
      "original": {
        "owner": "numtide",
        "repo": "flake-utils",
        "type": "github"
      }
    },
    "flake-utils_8": {
      "inputs": {
        "systems": "systems_8"
      },
      "locked": {
        "lastModified": 1731533236,
        "narHash": "sha256-l0KFg5HjrsfsO/JpG+r7fRrqm12kzFHyUHqHCVpMMbI=",
        "owner": "numtide",
        "repo": "flake-utils",
        "rev": "11707dc2f618dd54ca8739b309ec4fc024de578b",
        "type": "github"
      },
      "original": {
        "owner": "numtide",
        "repo": "flake-utils",
        "type": "github"
      }
    },
    "flake-utils_9": {
      "inputs": {
        "systems": "systems_9"
      },
      "locked": {
        "lastModified": 1726560853,
        "narHash": "sha256-X6rJYSESBVr3hBoH0WbKE5KvhPU5bloyZ2L4K60/fPQ=",
        "owner": "numtide",
        "repo": "flake-utils",
        "rev": "c1dfcf08411b08f6b8615f7d8971a2bfa81d5e8a",
        "type": "github"
      },
      "original": {
        "owner": "numtide",
        "repo": "flake-utils",
        "type": "github"
      }
    },
    "nixpkgs": {
      "locked": {
        "lastModified": 1729271976,
        "narHash": "sha256-2vapEiVSlLjmQ8aa4wQ2yVDToRc0VxYLDqevMzRIfLA=",
        "owner": "NixOs",
        "repo": "nixpkgs",
        "rev": "c4a6d1bbde86f4caea10d672df73f1b0796bee7e",
        "type": "github"
      },
      "original": {
        "owner": "NixOs",
        "repo": "nixpkgs",
        "type": "github"
      }
    },
    "nixpkgs_10": {
      "locked": {
        "lastModified": 1745198699,
        "narHash": "sha256-p/KZ+cipj0LSc7gjF4YBm4XiHOHD1bObNBUFdgLRbX0=",
        "owner": "NixOs",
        "repo": "nixpkgs",
        "rev": "62674f1b6a991cb6ab5c3df080fbbed01ca87649",
        "type": "github"
      },
      "original": {
        "owner": "NixOs",
        "repo": "nixpkgs",
        "type": "github"
      }
    },
    "nixpkgs_11": {
      "locked": {
        "lastModified": 1740910189,
        "narHash": "sha256-uF4rTb5qMehgRUcwmjLOrnaXS5P0ngtbGE6DgfYHVBA=",
        "owner": "NixOs",
        "repo": "nixpkgs",
        "rev": "f176582204e095f1bd023a6f2f8aa8262eb8c045",
        "type": "github"
      },
      "original": {
        "owner": "NixOs",
        "repo": "nixpkgs",
        "type": "github"
      }
    },
    "nixpkgs_12": {
      "locked": {
        "lastModified": 1729271976,
        "narHash": "sha256-2vapEiVSlLjmQ8aa4wQ2yVDToRc0VxYLDqevMzRIfLA=",
        "owner": "NixOs",
        "repo": "nixpkgs",
        "rev": "c4a6d1bbde86f4caea10d672df73f1b0796bee7e",
        "type": "github"
      },
      "original": {
        "owner": "NixOs",
        "repo": "nixpkgs",
        "type": "github"
      }
    },
    "nixpkgs_13": {
      "locked": {
        "lastModified": 1746105568,
        "narHash": "sha256-L1rhMaN2dhRqnX6qFsjn7SLVK3GphRh56IBARJ8hOQ8=",
        "owner": "NixOs",
        "repo": "nixpkgs",
        "rev": "86371bdb566ab7d45f01a2334193a101995a02f4",
        "type": "github"
      },
      "original": {
        "owner": "NixOs",
        "repo": "nixpkgs",
        "type": "github"
      }
    },
    "nixpkgs_14": {
      "locked": {
        "lastModified": 1729271976,
        "narHash": "sha256-2vapEiVSlLjmQ8aa4wQ2yVDToRc0VxYLDqevMzRIfLA=",
        "owner": "NixOs",
        "repo": "nixpkgs",
        "rev": "c4a6d1bbde86f4caea10d672df73f1b0796bee7e",
        "type": "github"
      },
      "original": {
        "owner": "NixOs",
        "repo": "nixpkgs",
        "type": "github"
      }
    },
    "nixpkgs_15": {
      "locked": {
        "lastModified": 1745198699,
        "narHash": "sha256-p/KZ+cipj0LSc7gjF4YBm4XiHOHD1bObNBUFdgLRbX0=",
        "owner": "NixOs",
        "repo": "nixpkgs",
        "rev": "62674f1b6a991cb6ab5c3df080fbbed01ca87649",
        "type": "github"
      },
      "original": {
        "owner": "NixOs",
        "repo": "nixpkgs",
        "type": "github"
      }
    },
    "nixpkgs_16": {
      "locked": {
        "lastModified": 1740910189,
        "narHash": "sha256-uF4rTb5qMehgRUcwmjLOrnaXS5P0ngtbGE6DgfYHVBA=",
        "owner": "NixOs",
        "repo": "nixpkgs",
        "rev": "f176582204e095f1bd023a6f2f8aa8262eb8c045",
        "type": "github"
      },
      "original": {
        "owner": "NixOs",
        "repo": "nixpkgs",
        "type": "github"
      }
    },
    "nixpkgs_17": {
      "locked": {
        "lastModified": 1740910189,
        "narHash": "sha256-uF4rTb5qMehgRUcwmjLOrnaXS5P0ngtbGE6DgfYHVBA=",
        "owner": "NixOs",
        "repo": "nixpkgs",
        "rev": "f176582204e095f1bd023a6f2f8aa8262eb8c045",
        "type": "github"
      },
      "original": {
        "owner": "NixOs",
        "repo": "nixpkgs",
        "type": "github"
      }
    },
    "nixpkgs_18": {
      "locked": {
        "lastModified": 1740910189,
        "narHash": "sha256-uF4rTb5qMehgRUcwmjLOrnaXS5P0ngtbGE6DgfYHVBA=",
        "owner": "NixOs",
        "repo": "nixpkgs",
        "rev": "f176582204e095f1bd023a6f2f8aa8262eb8c045",
        "type": "github"
      },
      "original": {
        "owner": "NixOs",
        "repo": "nixpkgs",
        "type": "github"
      }
    },
    "nixpkgs_2": {
      "locked": {
        "lastModified": 1745804731,
        "narHash": "sha256-v/sK3AS0QKu/Tu5sHIfddiEHCvrbNYPv8X10Fpux68g=",
        "owner": "NixOs",
        "repo": "nixpkgs",
        "rev": "29335f23bea5e34228349ea739f31ee79e267b88",
        "type": "github"
      },
      "original": {
        "owner": "NixOs",
        "repo": "nixpkgs",
        "type": "github"
      }
    },
    "nixpkgs_3": {
      "locked": {
        "lastModified": 1729271976,
        "narHash": "sha256-2vapEiVSlLjmQ8aa4wQ2yVDToRc0VxYLDqevMzRIfLA=",
        "owner": "NixOs",
        "repo": "nixpkgs",
        "rev": "c4a6d1bbde86f4caea10d672df73f1b0796bee7e",
        "type": "github"
      },
      "original": {
        "owner": "NixOs",
        "repo": "nixpkgs",
        "type": "github"
      }
    },
    "nixpkgs_4": {
      "locked": {
        "lastModified": 1745198699,
        "narHash": "sha256-p/KZ+cipj0LSc7gjF4YBm4XiHOHD1bObNBUFdgLRbX0=",
        "owner": "NixOs",
        "repo": "nixpkgs",
        "rev": "62674f1b6a991cb6ab5c3df080fbbed01ca87649",
        "type": "github"
      },
      "original": {
        "owner": "NixOs",
        "repo": "nixpkgs",
        "type": "github"
      }
    },
    "nixpkgs_5": {
      "locked": {
        "lastModified": 1740910189,
        "narHash": "sha256-uF4rTb5qMehgRUcwmjLOrnaXS5P0ngtbGE6DgfYHVBA=",
        "owner": "NixOs",
        "repo": "nixpkgs",
        "rev": "f176582204e095f1bd023a6f2f8aa8262eb8c045",
        "type": "github"
      },
      "original": {
        "owner": "NixOs",
        "repo": "nixpkgs",
        "type": "github"
      }
    },
    "nixpkgs_6": {
      "locked": {
        "lastModified": 1740910189,
        "narHash": "sha256-uF4rTb5qMehgRUcwmjLOrnaXS5P0ngtbGE6DgfYHVBA=",
        "owner": "NixOs",
        "repo": "nixpkgs",
        "rev": "f176582204e095f1bd023a6f2f8aa8262eb8c045",
        "type": "github"
      },
      "original": {
        "owner": "NixOs",
        "repo": "nixpkgs",
        "type": "github"
      }
    },
    "nixpkgs_7": {
      "locked": {
        "lastModified": 1729271976,
        "narHash": "sha256-2vapEiVSlLjmQ8aa4wQ2yVDToRc0VxYLDqevMzRIfLA=",
        "owner": "NixOs",
        "repo": "nixpkgs",
        "rev": "c4a6d1bbde86f4caea10d672df73f1b0796bee7e",
        "type": "github"
      },
      "original": {
        "owner": "NixOs",
        "repo": "nixpkgs",
        "type": "github"
      }
    },
    "nixpkgs_8": {
      "locked": {
        "lastModified": 1746283290,
        "narHash": "sha256-WW+Zt4IfXD3yddqqelgQ8VGYB9sFGOmKIMcHm9Pe0+A=",
        "owner": "NixOs",
        "repo": "nixpkgs",
        "rev": "f7b8f1b4c50094eb140eef3e3d346b1e6186f463",
        "type": "github"
      },
      "original": {
        "owner": "NixOs",
        "repo": "nixpkgs",
        "type": "github"
      }
    },
    "nixpkgs_9": {
      "locked": {
        "lastModified": 1729271976,
        "narHash": "sha256-2vapEiVSlLjmQ8aa4wQ2yVDToRc0VxYLDqevMzRIfLA=",
        "owner": "NixOs",
        "repo": "nixpkgs",
        "rev": "c4a6d1bbde86f4caea10d672df73f1b0796bee7e",
        "type": "github"
      },
      "original": {
        "owner": "NixOs",
        "repo": "nixpkgs",
        "type": "github"
      }
    },
    "root": {
      "inputs": {
        "cache": "cache",
        "environment-variable": "environment-variable_3",
        "flake-utils": "flake-utils_8",
        "nixpkgs": "nixpkgs_8",
        "shell-script": "shell-script_2",
        "temporary": "temporary",
        "visitor": "visitor_6"
      }
    },
    "shell-script": {
      "inputs": {
        "environment-variable": "environment-variable_2",
        "flake-utils": "flake-utils_4",
        "nixpkgs": "nixpkgs_4",
        "visitor": "visitor"
      },
      "locked": {
        "lastModified": 1746046051,
        "narHash": "sha256-CzWYVsWLOxW7YD4iHMB3J9J7/jHu/O9EqwA3HmsKPVc=",
        "owner": "viktordanek",
        "repo": "shell-script",
        "rev": "83cc79973c46ca31f5ed84b05fcdbcdf4ff2d405",
        "type": "github"
      },
      "original": {
        "owner": "viktordanek",
        "ref": "issue/50-new-implementation",
        "repo": "shell-script",
        "type": "github"
      }
    },
    "shell-script_2": {
      "inputs": {
        "environment-variable": "environment-variable_4",
        "flake-utils": "flake-utils_10",
        "nixpkgs": "nixpkgs_10",
        "visitor": "visitor_3"
      },
      "locked": {
        "lastModified": 1746046051,
        "narHash": "sha256-CzWYVsWLOxW7YD4iHMB3J9J7/jHu/O9EqwA3HmsKPVc=",
        "owner": "viktordanek",
        "repo": "shell-script",
        "rev": "83cc79973c46ca31f5ed84b05fcdbcdf4ff2d405",
        "type": "github"
      },
      "original": {
        "owner": "viktordanek",
        "ref": "issue/50-new-implementation",
        "repo": "shell-script",
        "type": "github"
      }
    },
    "shell-script_3": {
      "inputs": {
        "environment-variable": "environment-variable_6",
        "flake-utils": "flake-utils_15",
        "nixpkgs": "nixpkgs_15",
        "visitor": "visitor_4"
      },
      "locked": {
        "lastModified": 1746046051,
        "narHash": "sha256-CzWYVsWLOxW7YD4iHMB3J9J7/jHu/O9EqwA3HmsKPVc=",
        "owner": "viktordanek",
        "repo": "shell-script",
        "rev": "83cc79973c46ca31f5ed84b05fcdbcdf4ff2d405",
        "type": "github"
      },
      "original": {
        "owner": "viktordanek",
        "ref": "issue/50-new-implementation",
        "repo": "shell-script",
        "type": "github"
      }
    },
    "systems": {
      "locked": {
        "lastModified": 1681028828,
        "narHash": "sha256-Vy1rq5AaRuLzOxct8nz4T6wlgyUR7zLU309k9mBC768=",
        "owner": "nix-systems",
        "repo": "default",
        "rev": "da67096a3b9bf56a91d16901293e51ba5b49a27e",
        "type": "github"
      },
      "original": {
        "owner": "nix-systems",
        "repo": "default",
        "type": "github"
      }
    },
    "systems_10": {
      "locked": {
        "lastModified": 1681028828,
        "narHash": "sha256-Vy1rq5AaRuLzOxct8nz4T6wlgyUR7zLU309k9mBC768=",
        "owner": "nix-systems",
        "repo": "default",
        "rev": "da67096a3b9bf56a91d16901293e51ba5b49a27e",
        "type": "github"
      },
      "original": {
        "owner": "nix-systems",
        "repo": "default",
        "type": "github"
      }
    },
    "systems_11": {
      "locked": {
        "lastModified": 1681028828,
        "narHash": "sha256-Vy1rq5AaRuLzOxct8nz4T6wlgyUR7zLU309k9mBC768=",
        "owner": "nix-systems",
        "repo": "default",
        "rev": "da67096a3b9bf56a91d16901293e51ba5b49a27e",
        "type": "github"
      },
      "original": {
        "owner": "nix-systems",
        "repo": "default",
        "type": "github"
      }
    },
    "systems_12": {
      "locked": {
        "lastModified": 1681028828,
        "narHash": "sha256-Vy1rq5AaRuLzOxct8nz4T6wlgyUR7zLU309k9mBC768=",
        "owner": "nix-systems",
        "repo": "default",
        "rev": "da67096a3b9bf56a91d16901293e51ba5b49a27e",
        "type": "github"
      },
      "original": {
        "owner": "nix-systems",
        "repo": "default",
        "type": "github"
      }
    },
    "systems_13": {
      "locked": {
        "lastModified": 1681028828,
        "narHash": "sha256-Vy1rq5AaRuLzOxct8nz4T6wlgyUR7zLU309k9mBC768=",
        "owner": "nix-systems",
        "repo": "default",
        "rev": "da67096a3b9bf56a91d16901293e51ba5b49a27e",
        "type": "github"
      },
      "original": {
        "owner": "nix-systems",
        "repo": "default",
        "type": "github"
      }
    },
    "systems_14": {
      "locked": {
        "lastModified": 1681028828,
        "narHash": "sha256-Vy1rq5AaRuLzOxct8nz4T6wlgyUR7zLU309k9mBC768=",
        "owner": "nix-systems",
        "repo": "default",
        "rev": "da67096a3b9bf56a91d16901293e51ba5b49a27e",
        "type": "github"
      },
      "original": {
        "owner": "nix-systems",
        "repo": "default",
        "type": "github"
      }
    },
    "systems_15": {
      "locked": {
        "lastModified": 1681028828,
        "narHash": "sha256-Vy1rq5AaRuLzOxct8nz4T6wlgyUR7zLU309k9mBC768=",
        "owner": "nix-systems",
        "repo": "default",
        "rev": "da67096a3b9bf56a91d16901293e51ba5b49a27e",
        "type": "github"
      },
      "original": {
        "owner": "nix-systems",
        "repo": "default",
        "type": "github"
      }
    },
    "systems_16": {
      "locked": {
        "lastModified": 1681028828,
        "narHash": "sha256-Vy1rq5AaRuLzOxct8nz4T6wlgyUR7zLU309k9mBC768=",
        "owner": "nix-systems",
        "repo": "default",
        "rev": "da67096a3b9bf56a91d16901293e51ba5b49a27e",
        "type": "github"
      },
      "original": {
        "owner": "nix-systems",
        "repo": "default",
        "type": "github"
      }
    },
    "systems_17": {
      "locked": {
        "lastModified": 1681028828,
        "narHash": "sha256-Vy1rq5AaRuLzOxct8nz4T6wlgyUR7zLU309k9mBC768=",
        "owner": "nix-systems",
        "repo": "default",
        "rev": "da67096a3b9bf56a91d16901293e51ba5b49a27e",
        "type": "github"
      },
      "original": {
        "owner": "nix-systems",
        "repo": "default",
        "type": "github"
      }
    },
    "systems_18": {
      "locked": {
        "lastModified": 1681028828,
        "narHash": "sha256-Vy1rq5AaRuLzOxct8nz4T6wlgyUR7zLU309k9mBC768=",
        "owner": "nix-systems",
        "repo": "default",
        "rev": "da67096a3b9bf56a91d16901293e51ba5b49a27e",
        "type": "github"
      },
      "original": {
        "owner": "nix-systems",
        "repo": "default",
        "type": "github"
      }
    },
    "systems_2": {
      "locked": {
        "lastModified": 1681028828,
        "narHash": "sha256-Vy1rq5AaRuLzOxct8nz4T6wlgyUR7zLU309k9mBC768=",
        "owner": "nix-systems",
        "repo": "default",
        "rev": "da67096a3b9bf56a91d16901293e51ba5b49a27e",
        "type": "github"
      },
      "original": {
        "owner": "nix-systems",
        "repo": "default",
        "type": "github"
      }
    },
    "systems_3": {
      "locked": {
        "lastModified": 1681028828,
        "narHash": "sha256-Vy1rq5AaRuLzOxct8nz4T6wlgyUR7zLU309k9mBC768=",
        "owner": "nix-systems",
        "repo": "default",
        "rev": "da67096a3b9bf56a91d16901293e51ba5b49a27e",
        "type": "github"
      },
      "original": {
        "owner": "nix-systems",
        "repo": "default",
        "type": "github"
      }
    },
    "systems_4": {
      "locked": {
        "lastModified": 1681028828,
        "narHash": "sha256-Vy1rq5AaRuLzOxct8nz4T6wlgyUR7zLU309k9mBC768=",
        "owner": "nix-systems",
        "repo": "default",
        "rev": "da67096a3b9bf56a91d16901293e51ba5b49a27e",
        "type": "github"
      },
      "original": {
        "owner": "nix-systems",
        "repo": "default",
        "type": "github"
      }
    },
    "systems_5": {
      "locked": {
        "lastModified": 1681028828,
        "narHash": "sha256-Vy1rq5AaRuLzOxct8nz4T6wlgyUR7zLU309k9mBC768=",
        "owner": "nix-systems",
        "repo": "default",
        "rev": "da67096a3b9bf56a91d16901293e51ba5b49a27e",
        "type": "github"
      },
      "original": {
        "owner": "nix-systems",
        "repo": "default",
        "type": "github"
      }
    },
    "systems_6": {
      "locked": {
        "lastModified": 1681028828,
        "narHash": "sha256-Vy1rq5AaRuLzOxct8nz4T6wlgyUR7zLU309k9mBC768=",
        "owner": "nix-systems",
        "repo": "default",
        "rev": "da67096a3b9bf56a91d16901293e51ba5b49a27e",
        "type": "github"
      },
      "original": {
        "owner": "nix-systems",
        "repo": "default",
        "type": "github"
      }
    },
    "systems_7": {
      "locked": {
        "lastModified": 1681028828,
        "narHash": "sha256-Vy1rq5AaRuLzOxct8nz4T6wlgyUR7zLU309k9mBC768=",
        "owner": "nix-systems",
        "repo": "default",
        "rev": "da67096a3b9bf56a91d16901293e51ba5b49a27e",
        "type": "github"
      },
      "original": {
        "owner": "nix-systems",
        "repo": "default",
        "type": "github"
      }
    },
    "systems_8": {
      "locked": {
        "lastModified": 1681028828,
        "narHash": "sha256-Vy1rq5AaRuLzOxct8nz4T6wlgyUR7zLU309k9mBC768=",
        "owner": "nix-systems",
        "repo": "default",
        "rev": "da67096a3b9bf56a91d16901293e51ba5b49a27e",
        "type": "github"
      },
      "original": {
        "owner": "nix-systems",
        "repo": "default",
        "type": "github"
      }
    },
    "systems_9": {
      "locked": {
        "lastModified": 1681028828,
        "narHash": "sha256-Vy1rq5AaRuLzOxct8nz4T6wlgyUR7zLU309k9mBC768=",
        "owner": "nix-systems",
        "repo": "default",
        "rev": "da67096a3b9bf56a91d16901293e51ba5b49a27e",
        "type": "github"
      },
      "original": {
        "owner": "nix-systems",
        "repo": "default",
        "type": "github"
      }
    },
    "temporary": {
      "inputs": {
        "environment-variable": "environment-variable_5",
        "flake-utils": "flake-utils_13",
        "nixpkgs": "nixpkgs_13",
        "shell-script": "shell-script_3",
        "visitor": "visitor_5"
      },
      "locked": {
        "lastModified": 1746186942,
        "narHash": "sha256-KeYH09WK7dhdqT8KDQhswFyJ0KC6FVl/TdRnAfjM+9U=",
        "owner": "viktordanek",
        "repo": "temporary",
        "rev": "1bf52d84b738fed01ca80ded0476e8007378030f",
        "type": "github"
      },
      "original": {
        "owner": "viktordanek",
        "ref": "issue/64-new-implementation",
        "repo": "temporary",
        "type": "github"
      }
    },
    "visitor": {
      "inputs": {
        "flake-utils": "flake-utils_5",
        "nixpkgs": "nixpkgs_5"
      },
      "locked": {
        "lastModified": 1746045405,
        "narHash": "sha256-Nc8MH3KlhwvUXpszCtJrXgEYqKSkABSOmsWHMZXCJUY=",
        "owner": "viktordanek",
        "repo": "visitor",
        "rev": "034b2bdf5ac17bc9eba33a42f6d83c5031388005",
        "type": "github"
      },
      "original": {
        "owner": "viktordanek",
        "repo": "visitor",
        "type": "github"
      }
    },
    "visitor_2": {
      "inputs": {
        "flake-utils": "flake-utils_6",
        "nixpkgs": "nixpkgs_6"
      },
      "locked": {
        "lastModified": 1746045405,
        "narHash": "sha256-Nc8MH3KlhwvUXpszCtJrXgEYqKSkABSOmsWHMZXCJUY=",
        "owner": "viktordanek",
        "repo": "visitor",
        "rev": "034b2bdf5ac17bc9eba33a42f6d83c5031388005",
        "type": "github"
      },
      "original": {
        "owner": "viktordanek",
        "repo": "visitor",
        "type": "github"
      }
    },
    "visitor_3": {
      "inputs": {
        "flake-utils": "flake-utils_11",
        "nixpkgs": "nixpkgs_11"
      },
      "locked": {
        "lastModified": 1746045405,
        "narHash": "sha256-Nc8MH3KlhwvUXpszCtJrXgEYqKSkABSOmsWHMZXCJUY=",
        "owner": "viktordanek",
        "repo": "visitor",
        "rev": "034b2bdf5ac17bc9eba33a42f6d83c5031388005",
        "type": "github"
      },
      "original": {
        "owner": "viktordanek",
        "repo": "visitor",
        "type": "github"
      }
    },
    "visitor_4": {
      "inputs": {
        "flake-utils": "flake-utils_16",
        "nixpkgs": "nixpkgs_16"
      },
      "locked": {
        "lastModified": 1746045405,
        "narHash": "sha256-Nc8MH3KlhwvUXpszCtJrXgEYqKSkABSOmsWHMZXCJUY=",
        "owner": "viktordanek",
        "repo": "visitor",
        "rev": "034b2bdf5ac17bc9eba33a42f6d83c5031388005",
        "type": "github"
      },
      "original": {
        "owner": "viktordanek",
        "repo": "visitor",
        "type": "github"
      }
    },
    "visitor_5": {
      "inputs": {
        "flake-utils": "flake-utils_17",
        "nixpkgs": "nixpkgs_17"
      },
      "locked": {
        "lastModified": 1746045405,
        "narHash": "sha256-Nc8MH3KlhwvUXpszCtJrXgEYqKSkABSOmsWHMZXCJUY=",
        "owner": "viktordanek",
        "repo": "visitor",
        "rev": "034b2bdf5ac17bc9eba33a42f6d83c5031388005",
        "type": "github"
      },
      "original": {
        "owner": "viktordanek",
        "repo": "visitor",
        "type": "github"
      }
    },
    "visitor_6": {
      "inputs": {
        "flake-utils": "flake-utils_18",
        "nixpkgs": "nixpkgs_18"
      },
      "locked": {
        "lastModified": 1746045405,
        "narHash": "sha256-Nc8MH3KlhwvUXpszCtJrXgEYqKSkABSOmsWHMZXCJUY=",
        "owner": "viktordanek",
        "repo": "visitor",
        "rev": "034b2bdf5ac17bc9eba33a42f6d83c5031388005",
        "type": "github"
      },
      "original": {
        "owner": "viktordanek",
        "repo": "visitor",
        "type": "github"
      }
    }
  },
  "root": "root",
  "version": 7
}
